
Microsoft Visual Studio Solution File, Format Version 12.00
# Visual Studio Version 16
Project("{8BC9CEB8-8B4A-11D0-8D11-00A0C91BC942}") = "ALL_BUILD", "ALL_BUILD.vcxproj", "{56E49E18-A2C5-3B85-883C-58CDCF5DB870}"
	ProjectSection(ProjectDependencies) = postProject
		{195379E9-6F33-351D-9846-61F0B37D9055} = {195379E9-6F33-351D-9846-61F0B37D9055}
		{910BC9F6-4E3C-3456-9DF6-E26CAAD2765C} = {910BC9F6-4E3C-3456-9DF6-E26CAAD2765C}
		{4A6DF3BC-6DF2-393D-B58E-87919B129453} = {4A6DF3BC-6DF2-393D-B58E-87919B129453}
		{808B7FBC-81DB-321E-B077-3F3F28133C7A} = {808B7FBC-81DB-321E-B077-3F3F28133C7A}
	EndProjectSection
EndProject
Project("{8BC9CEB8-8B4A-11D0-8D11-00A0C91BC942}") = "WCCOAJavaLibrary", "WCCOAJavaLibrary.vcxproj", "{195379E9-6F33-351D-9846-61F0B37D9055}"
	ProjectSection(ProjectDependencies) = postProject
		{4A6DF3BC-6DF2-393D-B58E-87919B129453} = {4A6DF3BC-6DF2-393D-B58E-87919B129453}
		{808B7FBC-81DB-321E-B077-3F3F28133C7A} = {808B7FBC-81DB-321E-B077-3F3F28133C7A}
	EndProjectSection
EndProject
Project("{8BC9CEB8-8B4A-11D0-8D11-00A0C91BC942}") = "WCCOAJavaManager", "WCCOAJavaManager.vcxproj", "{910BC9F6-4E3C-3456-9DF6-E26CAAD2765C}"
	ProjectSection(ProjectDependencies) = postProject
		{4A6DF3BC-6DF2-393D-B58E-87919B129453} = {4A6DF3BC-6DF2-393D-B58E-87919B129453}
		{808B7FBC-81DB-321E-B077-3F3F28133C7A} = {808B7FBC-81DB-321E-B077-3F3F28133C7A}
	EndProjectSection
EndProject
Project("{8BC9CEB8-8B4A-11D0-8D11-00A0C91BC942}") = "ZERO_CHECK", "ZERO_CHECK.vcxproj", "{4A6DF3BC-6DF2-393D-B58E-87919B129453}"
	ProjectSection(ProjectDependencies) = postProject
	EndProjectSection
EndProject
Project("{8BC9CEB8-8B4A-11D0-8D11-00A0C91BC942}") = "linkedAt_lib", "linkedAt_lib.vcxproj", "{808B7FBC-81DB-321E-B077-3F3F28133C7A}"
	ProjectSection(ProjectDependencies) = postProject
		{4A6DF3BC-6DF2-393D-B58E-87919B129453} = {4A6DF3BC-6DF2-393D-B58E-87919B129453}
		{DC38DDD7-F5D3-3B07-A33F-3541551B65FB} = {DC38DDD7-F5D3-3B07-A33F-3541551B65FB}
	EndProjectSection
EndProject
Project("{8BC9CEB8-8B4A-11D0-8D11-00A0C91BC942}") = "linkedAt_touch", "linkedAt_touch.vcxproj", "{DC38DDD7-F5D3-3B07-A33F-3541551B65FB}"
	ProjectSection(ProjectDependencies) = postProject
		{4A6DF3BC-6DF2-393D-B58E-87919B129453} = {4A6DF3BC-6DF2-393D-B58E-87919B129453}
	EndProjectSection
EndProject
Global
	GlobalSection(SolutionConfigurationPlatforms) = preSolution
		Debug|x64 = Debug|x64
		Release|x64 = Release|x64
		MinSizeRel|x64 = MinSizeRel|x64
		RelWithDebInfo|x64 = RelWithDebInfo|x64
	EndGlobalSection
	GlobalSection(ProjectConfigurationPlatforms) = postSolution
		{56E49E18-A2C5-3B85-883C-58CDCF5DB870}.Debug|x64.ActiveCfg = Debug|x64
		{56E49E18-A2C5-3B85-883C-58CDCF5DB870}.Release|x64.ActiveCfg = Release|x64
		{56E49E18-A2C5-3B85-883C-58CDCF5DB870}.MinSizeRel|x64.ActiveCfg = MinSizeRel|x64
		{56E49E18-A2C5-3B85-883C-58CDCF5DB870}.RelWithDebInfo|x64.ActiveCfg = RelWithDebInfo|x64
		{195379E9-6F33-351D-9846-61F0B37D9055}.Debug|x64.ActiveCfg = Debug|x64
		{195379E9-6F33-351D-9846-61F0B37D9055}.Debug|x64.Build.0 = Debug|x64
		{195379E9-6F33-351D-9846-61F0B37D9055}.Release|x64.ActiveCfg = Release|x64
		{195379E9-6F33-351D-9846-61F0B37D9055}.Release|x64.Build.0 = Release|x64
		{195379E9-6F33-351D-9846-61F0B37D9055}.MinSizeRel|x64.ActiveCfg = MinSizeRel|x64
		{195379E9-6F33-351D-9846-61F0B37D9055}.MinSizeRel|x64.Build.0 = MinSizeRel|x64
		{195379E9-6F33-351D-9846-61F0B37D9055}.RelWithDebInfo|x64.ActiveCfg = RelWithDebInfo|x64
		{195379E9-6F33-351D-9846-61F0B37D9055}.RelWithDebInfo|x64.Build.0 = RelWithDebInfo|x64
		{910BC9F6-4E3C-3456-9DF6-E26CAAD2765C}.Debug|x64.ActiveCfg = Debug|x64
		{910BC9F6-4E3C-3456-9DF6-E26CAAD2765C}.Debug|x64.Build.0 = Debug|x64
		{910BC9F6-4E3C-3456-9DF6-E26CAAD2765C}.Release|x64.ActiveCfg = Release|x64
		{910BC9F6-4E3C-3456-9DF6-E26CAAD2765C}.Release|x64.Build.0 = Release|x64
		{910BC9F6-4E3C-3456-9DF6-E26CAAD2765C}.MinSizeRel|x64.ActiveCfg = MinSizeRel|x64
		{910BC9F6-4E3C-3456-9DF6-E26CAAD2765C}.MinSizeRel|x64.Build.0 = MinSizeRel|x64
		{910BC9F6-4E3C-3456-9DF6-E26CAAD2765C}.RelWithDebInfo|x64.ActiveCfg = RelWithDebInfo|x64
		{910BC9F6-4E3C-3456-9DF6-E26CAAD2765C}.RelWithDebInfo|x64.Build.0 = RelWithDebInfo|x64
		{4A6DF3BC-6DF2-393D-B58E-87919B129453}.Debug|x64.ActiveCfg = Debug|x64
		{4A6DF3BC-6DF2-393D-B58E-87919B129453}.Debug|x64.Build.0 = Debug|x64
		{4A6DF3BC-6DF2-393D-B58E-87919B129453}.Release|x64.ActiveCfg = Release|x64
		{4A6DF3BC-6DF2-393D-B58E-87919B129453}.Release|x64.Build.0 = Release|x64
		{4A6DF3BC-6DF2-393D-B58E-87919B129453}.MinSizeRel|x64.ActiveCfg = MinSizeRel|x64
		{4A6DF3BC-6DF2-393D-B58E-87919B129453}.MinSizeRel|x64.Build.0 = MinSizeRel|x64
		{4A6DF3BC-6DF2-393D-B58E-87919B129453}.RelWithDebInfo|x64.ActiveCfg = RelWithDebInfo|x64
		{4A6DF3BC-6DF2-393D-B58E-87919B129453}.RelWithDebInfo|x64.Build.0 = RelWithDebInfo|x64
		{808B7FBC-81DB-321E-B077-3F3F28133C7A}.Debug|x64.ActiveCfg = Debug|x64
		{808B7FBC-81DB-321E-B077-3F3F28133C7A}.Debug|x64.Build.0 = Debug|x64
		{808B7FBC-81DB-321E-B077-3F3F28133C7A}.Release|x64.ActiveCfg = Release|x64
		{808B7FBC-81DB-321E-B077-3F3F28133C7A}.Release|x64.Build.0 = Release|x64
		{808B7FBC-81DB-321E-B077-3F3F28133C7A}.MinSizeRel|x64.ActiveCfg = MinSizeRel|x64
		{808B7FBC-81DB-321E-B077-3F3F28133C7A}.MinSizeRel|x64.Build.0 = MinSizeRel|x64
		{808B7FBC-81DB-321E-B077-3F3F28133C7A}.RelWithDebInfo|x64.ActiveCfg = RelWithDebInfo|x64
		{808B7FBC-81DB-321E-B077-3F3F28133C7A}.RelWithDebInfo|x64.Build.0 = RelWithDebInfo|x64
		{DC38DDD7-F5D3-3B07-A33F-3541551B65FB}.Debug|x64.ActiveCfg = Debug|x64
		{DC38DDD7-F5D3-3B07-A33F-3541551B65FB}.Debug|x64.Build.0 = Debug|x64
		{DC38DDD7-F5D3-3B07-A33F-3541551B65FB}.Release|x64.ActiveCfg = Release|x64
		{DC38DDD7-F5D3-3B07-A33F-3541551B65FB}.Release|x64.Build.0 = Release|x64
		{DC38DDD7-F5D3-3B07-A33F-3541551B65FB}.MinSizeRel|x64.ActiveCfg = MinSizeRel|x64
		{DC38DDD7-F5D3-3B07-A33F-3541551B65FB}.MinSizeRel|x64.Build.0 = MinSizeRel|x64
		{DC38DDD7-F5D3-3B07-A33F-3541551B65FB}.RelWithDebInfo|x64.ActiveCfg = RelWithDebInfo|x64
		{DC38DDD7-F5D3-3B07-A33F-3541551B65FB}.RelWithDebInfo|x64.Build.0 = RelWithDebInfo|x64
	EndGlobalSection
	GlobalSection(ExtensibilityGlobals) = postSolution
		SolutionGuid = {1DF468AA-D42F-3AFD-AD00-4F40E85EC3D8}
	EndGlobalSection
	GlobalSection(ExtensibilityAddIns) = postSolution
	EndGlobalSection
EndGlobal
